PODS:
  - Alamofire (4.7.1)
  - AlamofireObjectMapper (5.0.0):
    - Alamofire (~> 4.1)
    - ObjectMapper (~> 3.0)
  - Eureka (4.1.1)
  - Ji (2.1.0):
    - Ji/Ji (= 2.1.0)
  - Ji/Ji (2.1.0):
    - Ji/Ji-libxml
  - Ji/Ji-libxml (2.1.0)
  - Kingfisher (4.6.4)
  - MarkdownView (1.1.0)
  - MJRefresh (3.1.15.3)
  - ObjectMapper (3.1.0)
  - PPBadgeViewSwift (2.0.0)
  - SideMenu (3.1.5)
  - SVProgressHUD (2.2.5)
  - SwiftDate (4.5.1)
  - SwiftQRScanner (0.1.4)
  - SwiftyJSON (4.0.0)
  - SwiftyMarkdown (0.5.1)
  - Toaster (2.1.1)

DEPENDENCIES:
  - Alamofire
  - AlamofireObjectMapper
  - Eureka
  - Ji
  - Kingfisher
  - MarkdownView
  - MJRefresh
  - ObjectMapper
  - PPBadgeViewSwift
  - SideMenu
  - SVProgressHUD
  - SwiftDate
  - SwiftQRScanner (from `https://github.com/nswbmw/SwiftQRCodeScanner`)
  - SwiftyJSON
  - SwiftyMarkdown
  - Toaster

SPEC REPOS:
  https://github.com/CocoaPods/Specs.git:
    - Alamofire
    - AlamofireObjectMapper
    - Eureka
    - Ji
    - Kingfisher
    - MarkdownView
    - MJRefresh
    - ObjectMapper
    - PPBadgeViewSwift
    - SideMenu
    - SVProgressHUD
    - SwiftDate
    - SwiftyJSON
    - SwiftyMarkdown
    - Toaster

EXTERNAL SOURCES:
  SwiftQRScanner:
    :git: https://github.com/nswbmw/SwiftQRCodeScanner

CHECKOUT OPTIONS:
  SwiftQRScanner:
    :commit: 4960d160345da5fcad97cef9e680f4ed3dddc84f
    :git: https://github.com/nswbmw/SwiftQRCodeScanner

SPEC CHECKSUMS:
  Alamofire: 68d7d521118d49c615a8d2214d87cdf525599d30
  AlamofireObjectMapper: 5fafc816351cbbc0d486611aaeba7461c0cbad49
  Eureka: b88fb930e42c79f8c03c373d0fcdc28c1d6c50ed
  Ji: 21946da4e13425485ddd424edfaeeced0d80ad28
  Kingfisher: 68498a706e46c2a050b0c9572f100e5db407f6e0
  MarkdownView: 80db8e9a27a6c6cc22615e644e3e85c06065bab7
  MJRefresh: b48380ae2b927b46c4ef000de9adb8dc748e1df7
  ObjectMapper: 20505058f54e5c3ca69e1d6de9897d152a5369a6
  PPBadgeViewSwift: dc520c183e11d87fbe19bdb223e8b47d158f3c6b
  SideMenu: 47dbf9e4d878062d8994aed43f6e4bf6c1fea30b
  SVProgressHUD: 1428aafac632c1f86f62aa4243ec12008d7a51d6
  SwiftDate: 7b56d42a221f582047287deb256b23fc5ed49a60
  SwiftQRScanner: 4e5fd0f29c7a8888998de191d10bb4d38a1ee34a
  SwiftyJSON: 070dabdcb1beb81b247c65ffa3a79dbbfb3b48aa
  SwiftyMarkdown: 743af3e87931391bc4836b825fec3d98785b2e3a
  Toaster: a6c9532de1ded8105e77376f7dffeb2e12b46dbb

PODFILE CHECKSUM: 5158044662648e88fd2c6538f75f72bf142bd957

COCOAPODS: 1.5.0.beta.1
