// !$*UTF8*$!
{
	archiveVersion = 1;
	classes = {
	};
	objectVersion = 50;
	objects = {

/* Begin PBXBuildFile section */
		7B07321F2085C64900E12987 /* AppDelegate.swift in Sources */ = {isa = PBXBuildFile; fileRef = 7B07321E2085C64900E12987 /* AppDelegate.swift */; };
		7B0732242085C64900E12987 /* Main.storyboard in Resources */ = {isa = PBXBuildFile; fileRef = 7B0732222085C64900E12987 /* Main.storyboard */; };
		7B0732262085C64A00E12987 /* Assets.xcassets in Resources */ = {isa = PBXBuildFile; fileRef = 7B0732252085C64A00E12987 /* Assets.xcassets */; };
		7B0732292085C64A00E12987 /* LaunchScreen.storyboard in Resources */ = {isa = PBXBuildFile; fileRef = 7B0732272085C64A00E12987 /* LaunchScreen.storyboard */; };
		7B0A1F8F208624DA007743A2 /* TopicCell.xib in Resources */ = {isa = PBXBuildFile; fileRef = 7B0A1F8E208624DA007743A2 /* TopicCell.xib */; };
		7B0A1F912086354C007743A2 /* TopicCell.swift in Sources */ = {isa = PBXBuildFile; fileRef = 7B0A1F902086354C007743A2 /* TopicCell.swift */; };
		7B1298CF208B95800049BA7E /* MessageCell.swift in Sources */ = {isa = PBXBuildFile; fileRef = 7B1298CE208B95800049BA7E /* MessageCell.swift */; };
		7B1298D1208B9A610049BA7E /* MessageCell.xib in Resources */ = {isa = PBXBuildFile; fileRef = 7B1298D0208B9A610049BA7E /* MessageCell.xib */; };
		7B29FE9420898BCE00A93D9B /* Util.swift in Sources */ = {isa = PBXBuildFile; fileRef = 7B29FE9320898BCE00A93D9B /* Util.swift */; };
		7B510D5B2089D99C00B78B57 /* Comment.swift in Sources */ = {isa = PBXBuildFile; fileRef = 7B510D562089D99C00B78B57 /* Comment.swift */; };
		7B510D5C2089D99C00B78B57 /* Message.swift in Sources */ = {isa = PBXBuildFile; fileRef = 7B510D572089D99C00B78B57 /* Message.swift */; };
		7B510D5D2089D99C00B78B57 /* Author.swift in Sources */ = {isa = PBXBuildFile; fileRef = 7B510D582089D99C00B78B57 /* Author.swift */; };
		7B510D5E2089D99C00B78B57 /* Topic.swift in Sources */ = {isa = PBXBuildFile; fileRef = 7B510D592089D99C00B78B57 /* Topic.swift */; };
		7B510D5F2089D99C00B78B57 /* Tab.swift in Sources */ = {isa = PBXBuildFile; fileRef = 7B510D5A2089D99C00B78B57 /* Tab.swift */; };
		7B59F9F52085CADD002E363F /* APIRequest.swift in Sources */ = {isa = PBXBuildFile; fileRef = 7B59F9F42085CADD002E363F /* APIRequest.swift */; };
		7B9115A0208828E300EA734B /* Toaster.swift in Sources */ = {isa = PBXBuildFile; fileRef = 7B91159F208828E300EA734B /* Toaster.swift */; };
		7B9115A220882C3600EA734B /* String+timeAgo.swift in Sources */ = {isa = PBXBuildFile; fileRef = 7B9115A120882C3600EA734B /* String+timeAgo.swift */; };
		7B9115AC20887DA600EA734B /* TopicDetailCommentCell.swift in Sources */ = {isa = PBXBuildFile; fileRef = 7B9115AB20887DA600EA734B /* TopicDetailCommentCell.swift */; };
		7B9115AE20887E0E00EA734B /* TopicDetailCommentCell.xib in Resources */ = {isa = PBXBuildFile; fileRef = 7B9115AD20887E0E00EA734B /* TopicDetailCommentCell.xib */; };
		7B9115B02088A8CA00EA734B /* TopicDetailContentCell.swift in Sources */ = {isa = PBXBuildFile; fileRef = 7B9115AF2088A8CA00EA734B /* TopicDetailContentCell.swift */; };
		7B9115B22088A96400EA734B /* TopicDetailContentCell.xib in Resources */ = {isa = PBXBuildFile; fileRef = 7B9115B12088A96400EA734B /* TopicDetailContentCell.xib */; };
		7BA7CC5A208EE38B007E31C7 /* TopicSimpleCell.swift in Sources */ = {isa = PBXBuildFile; fileRef = 7BA7CC59208EE38B007E31C7 /* TopicSimpleCell.swift */; };
		7BA7CC5C208EE3B6007E31C7 /* TopicSimpleCell.xib in Resources */ = {isa = PBXBuildFile; fileRef = 7BA7CC5B208EE3B6007E31C7 /* TopicSimpleCell.xib */; };
		7BEAA64C2099D74300DF8B0E /* CommentCreateViewController.swift in Sources */ = {isa = PBXBuildFile; fileRef = 7BEAA63E2099D74300DF8B0E /* CommentCreateViewController.swift */; };
		7BEAA64D2099D74300DF8B0E /* UserCollectionViewController.swift in Sources */ = {isa = PBXBuildFile; fileRef = 7BEAA6402099D74300DF8B0E /* UserCollectionViewController.swift */; };
		7BEAA64E2099D74300DF8B0E /* UserRepliedTopicsViewController.swift in Sources */ = {isa = PBXBuildFile; fileRef = 7BEAA6412099D74300DF8B0E /* UserRepliedTopicsViewController.swift */; };
		7BEAA64F2099D74300DF8B0E /* UserMessageViewController.swift in Sources */ = {isa = PBXBuildFile; fileRef = 7BEAA6422099D74300DF8B0E /* UserMessageViewController.swift */; };
		7BEAA6502099D74300DF8B0E /* UserViewController.swift in Sources */ = {isa = PBXBuildFile; fileRef = 7BEAA6432099D74300DF8B0E /* UserViewController.swift */; };
		7BEAA6512099D74300DF8B0E /* UserCreatedTopicsViewController.swift in Sources */ = {isa = PBXBuildFile; fileRef = 7BEAA6442099D74300DF8B0E /* UserCreatedTopicsViewController.swift */; };
		7BEAA6522099D74300DF8B0E /* TopicViewController.swift in Sources */ = {isa = PBXBuildFile; fileRef = 7BEAA6462099D74300DF8B0E /* TopicViewController.swift */; };
		7BEAA6532099D74300DF8B0E /* TopicListsViewController.swift in Sources */ = {isa = PBXBuildFile; fileRef = 7BEAA6472099D74300DF8B0E /* TopicListsViewController.swift */; };
		7BEAA6542099D74300DF8B0E /* TopicCreateViewController.swift in Sources */ = {isa = PBXBuildFile; fileRef = 7BEAA6482099D74300DF8B0E /* TopicCreateViewController.swift */; };
		7BEAA6552099D74300DF8B0E /* SettingViewController.swift in Sources */ = {isa = PBXBuildFile; fileRef = 7BEAA64A2099D74300DF8B0E /* SettingViewController.swift */; };
		7BEAA6562099D74300DF8B0E /* MenuViewController.swift in Sources */ = {isa = PBXBuildFile; fileRef = 7BEAA64B2099D74300DF8B0E /* MenuViewController.swift */; };
		7BEAA6582099D7AF00DF8B0E /* LoginViewController.swift in Sources */ = {isa = PBXBuildFile; fileRef = 7BEAA6572099D7AF00DF8B0E /* LoginViewController.swift */; };
		BA669ED512D212F223F9C6C7 /* Pods_cnode.framework in Frameworks */ = {isa = PBXBuildFile; fileRef = 93195C6044C610D6DDE56864 /* Pods_cnode.framework */; };
/* End PBXBuildFile section */

/* Begin PBXFileReference section */
		7B07321B2085C64900E12987 /* cnode.app */ = {isa = PBXFileReference; explicitFileType = wrapper.application; includeInIndex = 0; path = cnode.app; sourceTree = BUILT_PRODUCTS_DIR; };
		7B07321E2085C64900E12987 /* AppDelegate.swift */ = {isa = PBXFileReference; lastKnownFileType = sourcecode.swift; path = AppDelegate.swift; sourceTree = "<group>"; };
		7B0732232085C64900E12987 /* Base */ = {isa = PBXFileReference; lastKnownFileType = file.storyboard; name = Base; path = Base.lproj/Main.storyboard; sourceTree = "<group>"; };
		7B0732252085C64A00E12987 /* Assets.xcassets */ = {isa = PBXFileReference; lastKnownFileType = folder.assetcatalog; path = Assets.xcassets; sourceTree = "<group>"; };
		7B0732282085C64A00E12987 /* Base */ = {isa = PBXFileReference; lastKnownFileType = file.storyboard; name = Base; path = Base.lproj/LaunchScreen.storyboard; sourceTree = "<group>"; };
		7B07322A2085C64A00E12987 /* Info.plist */ = {isa = PBXFileReference; lastKnownFileType = text.plist.xml; path = Info.plist; sourceTree = "<group>"; };
		7B0A1F8E208624DA007743A2 /* TopicCell.xib */ = {isa = PBXFileReference; lastKnownFileType = file.xib; path = TopicCell.xib; sourceTree = "<group>"; };
		7B0A1F902086354C007743A2 /* TopicCell.swift */ = {isa = PBXFileReference; lastKnownFileType = sourcecode.swift; path = TopicCell.swift; sourceTree = "<group>"; };
		7B1298CE208B95800049BA7E /* MessageCell.swift */ = {isa = PBXFileReference; lastKnownFileType = sourcecode.swift; path = MessageCell.swift; sourceTree = "<group>"; };
		7B1298D0208B9A610049BA7E /* MessageCell.xib */ = {isa = PBXFileReference; lastKnownFileType = file.xib; path = MessageCell.xib; sourceTree = "<group>"; };
		7B29FE9320898BCE00A93D9B /* Util.swift */ = {isa = PBXFileReference; lastKnownFileType = sourcecode.swift; path = Util.swift; sourceTree = "<group>"; };
		7B510D562089D99C00B78B57 /* Comment.swift */ = {isa = PBXFileReference; fileEncoding = 4; lastKnownFileType = sourcecode.swift; path = Comment.swift; sourceTree = "<group>"; };
		7B510D572089D99C00B78B57 /* Message.swift */ = {isa = PBXFileReference; fileEncoding = 4; lastKnownFileType = sourcecode.swift; path = Message.swift; sourceTree = "<group>"; };
		7B510D582089D99C00B78B57 /* Author.swift */ = {isa = PBXFileReference; fileEncoding = 4; lastKnownFileType = sourcecode.swift; path = Author.swift; sourceTree = "<group>"; };
		7B510D592089D99C00B78B57 /* Topic.swift */ = {isa = PBXFileReference; fileEncoding = 4; lastKnownFileType = sourcecode.swift; path = Topic.swift; sourceTree = "<group>"; };
		7B510D5A2089D99C00B78B57 /* Tab.swift */ = {isa = PBXFileReference; fileEncoding = 4; lastKnownFileType = sourcecode.swift; path = Tab.swift; sourceTree = "<group>"; };
		7B59F9F42085CADD002E363F /* APIRequest.swift */ = {isa = PBXFileReference; lastKnownFileType = sourcecode.swift; path = APIRequest.swift; sourceTree = "<group>"; };
		7B91159F208828E300EA734B /* Toaster.swift */ = {isa = PBXFileReference; lastKnownFileType = sourcecode.swift; path = Toaster.swift; sourceTree = "<group>"; };
		7B9115A120882C3600EA734B /* String+timeAgo.swift */ = {isa = PBXFileReference; lastKnownFileType = sourcecode.swift; path = "String+timeAgo.swift"; sourceTree = "<group>"; };
		7B9115AB20887DA600EA734B /* TopicDetailCommentCell.swift */ = {isa = PBXFileReference; lastKnownFileType = sourcecode.swift; path = TopicDetailCommentCell.swift; sourceTree = "<group>"; };
		7B9115AD20887E0E00EA734B /* TopicDetailCommentCell.xib */ = {isa = PBXFileReference; lastKnownFileType = file.xib; path = TopicDetailCommentCell.xib; sourceTree = "<group>"; };
		7B9115AF2088A8CA00EA734B /* TopicDetailContentCell.swift */ = {isa = PBXFileReference; lastKnownFileType = sourcecode.swift; path = TopicDetailContentCell.swift; sourceTree = "<group>"; };
		7B9115B12088A96400EA734B /* TopicDetailContentCell.xib */ = {isa = PBXFileReference; lastKnownFileType = file.xib; path = TopicDetailContentCell.xib; sourceTree = "<group>"; };
		7BA7CC59208EE38B007E31C7 /* TopicSimpleCell.swift */ = {isa = PBXFileReference; lastKnownFileType = sourcecode.swift; path = TopicSimpleCell.swift; sourceTree = "<group>"; };
		7BA7CC5B208EE3B6007E31C7 /* TopicSimpleCell.xib */ = {isa = PBXFileReference; lastKnownFileType = file.xib; path = TopicSimpleCell.xib; sourceTree = "<group>"; };
		7BEAA63B2099D72E00DF8B0E /* MJRefresh.h */ = {isa = PBXFileReference; fileEncoding = 4; lastKnownFileType = sourcecode.c.h; path = MJRefresh.h; sourceTree = "<group>"; };
		7BEAA63E2099D74300DF8B0E /* CommentCreateViewController.swift */ = {isa = PBXFileReference; fileEncoding = 4; lastKnownFileType = sourcecode.swift; path = CommentCreateViewController.swift; sourceTree = "<group>"; };
		7BEAA6402099D74300DF8B0E /* UserCollectionViewController.swift */ = {isa = PBXFileReference; fileEncoding = 4; lastKnownFileType = sourcecode.swift; path = UserCollectionViewController.swift; sourceTree = "<group>"; };
		7BEAA6412099D74300DF8B0E /* UserRepliedTopicsViewController.swift */ = {isa = PBXFileReference; fileEncoding = 4; lastKnownFileType = sourcecode.swift; path = UserRepliedTopicsViewController.swift; sourceTree = "<group>"; };
		7BEAA6422099D74300DF8B0E /* UserMessageViewController.swift */ = {isa = PBXFileReference; fileEncoding = 4; lastKnownFileType = sourcecode.swift; path = UserMessageViewController.swift; sourceTree = "<group>"; };
		7BEAA6432099D74300DF8B0E /* UserViewController.swift */ = {isa = PBXFileReference; fileEncoding = 4; lastKnownFileType = sourcecode.swift; path = UserViewController.swift; sourceTree = "<group>"; };
		7BEAA6442099D74300DF8B0E /* UserCreatedTopicsViewController.swift */ = {isa = PBXFileReference; fileEncoding = 4; lastKnownFileType = sourcecode.swift; path = UserCreatedTopicsViewController.swift; sourceTree = "<group>"; };
		7BEAA6462099D74300DF8B0E /* TopicViewController.swift */ = {isa = PBXFileReference; fileEncoding = 4; lastKnownFileType = sourcecode.swift; path = TopicViewController.swift; sourceTree = "<group>"; };
		7BEAA6472099D74300DF8B0E /* TopicListsViewController.swift */ = {isa = PBXFileReference; fileEncoding = 4; lastKnownFileType = sourcecode.swift; path = TopicListsViewController.swift; sourceTree = "<group>"; };
		7BEAA6482099D74300DF8B0E /* TopicCreateViewController.swift */ = {isa = PBXFileReference; fileEncoding = 4; lastKnownFileType = sourcecode.swift; path = TopicCreateViewController.swift; sourceTree = "<group>"; };
		7BEAA64A2099D74300DF8B0E /* SettingViewController.swift */ = {isa = PBXFileReference; fileEncoding = 4; lastKnownFileType = sourcecode.swift; path = SettingViewController.swift; sourceTree = "<group>"; };
		7BEAA64B2099D74300DF8B0E /* MenuViewController.swift */ = {isa = PBXFileReference; fileEncoding = 4; lastKnownFileType = sourcecode.swift; path = MenuViewController.swift; sourceTree = "<group>"; };
		7BEAA6572099D7AF00DF8B0E /* LoginViewController.swift */ = {isa = PBXFileReference; lastKnownFileType = sourcecode.swift; path = LoginViewController.swift; sourceTree = "<group>"; };
		93195C6044C610D6DDE56864 /* Pods_cnode.framework */ = {isa = PBXFileReference; explicitFileType = wrapper.framework; includeInIndex = 0; path = Pods_cnode.framework; sourceTree = BUILT_PRODUCTS_DIR; };
		A51C8F27409FF97D79DE16C7 /* Pods-cnode.debug.xcconfig */ = {isa = PBXFileReference; includeInIndex = 1; lastKnownFileType = text.xcconfig; name = "Pods-cnode.debug.xcconfig"; path = "Pods/Target Support Files/Pods-cnode/Pods-cnode.debug.xcconfig"; sourceTree = "<group>"; };
		F1B9BCB33F00B3FD5D85CC96 /* Pods-cnode.release.xcconfig */ = {isa = PBXFileReference; includeInIndex = 1; lastKnownFileType = text.xcconfig; name = "Pods-cnode.release.xcconfig"; path = "Pods/Target Support Files/Pods-cnode/Pods-cnode.release.xcconfig"; sourceTree = "<group>"; };
/* End PBXFileReference section */

/* Begin PBXFrameworksBuildPhase section */
		7B0732182085C64900E12987 /* Frameworks */ = {
			isa = PBXFrameworksBuildPhase;
			buildActionMask = 2147483647;
			files = (
				BA669ED512D212F223F9C6C7 /* Pods_cnode.framework in Frameworks */,
			);
			runOnlyForDeploymentPostprocessing = 0;
		};
/* End PBXFrameworksBuildPhase section */

/* Begin PBXGroup section */
		2D449396548A10C0A2D9C6A3 /* Frameworks */ = {
			isa = PBXGroup;
			children = (
				93195C6044C610D6DDE56864 /* Pods_cnode.framework */,
			);
			name = Frameworks;
			sourceTree = "<group>";
		};
		7B0732122085C64900E12987 = {
			isa = PBXGroup;
			children = (
				7B07321D2085C64900E12987 /* cnode */,
				7B07321C2085C64900E12987 /* Products */,
				AFBDF5400389967EA012961B /* Pods */,
				2D449396548A10C0A2D9C6A3 /* Frameworks */,
			);
			sourceTree = "<group>";
		};
		7B07321C2085C64900E12987 /* Products */ = {
			isa = PBXGroup;
			children = (
				7B07321B2085C64900E12987 /* cnode.app */,
			);
			name = Products;
			sourceTree = "<group>";
		};
		7B07321D2085C64900E12987 /* cnode */ = {
			isa = PBXGroup;
			children = (
				7BEAA63A2099D72E00DF8B0E /* Header */,
				7B59F9F32085CAB1002E363F /* Util */,
				7B6E133B2089D91600EBFDEF /* Model */,
				7B0732312085CA8C00E12987 /* View */,
				7BEAA63C2099D74300DF8B0E /* Controller */,
				7B07321E2085C64900E12987 /* AppDelegate.swift */,
				7B0732222085C64900E12987 /* Main.storyboard */,
				7B0732272085C64A00E12987 /* LaunchScreen.storyboard */,
				7B0732252085C64A00E12987 /* Assets.xcassets */,
				7B07322A2085C64A00E12987 /* Info.plist */,
			);
			path = cnode;
			sourceTree = "<group>";
		};
		7B0732312085CA8C00E12987 /* View */ = {
			isa = PBXGroup;
			children = (
				7B510D902089FC8C00B78B57 /* TopicLists */,
				7B510D8F2089FC5400B78B57 /* Topic */,
				7B1298C0208B94A40049BA7E /* Message */,
			);
			path = View;
			sourceTree = "<group>";
		};
		7B1298C0208B94A40049BA7E /* Message */ = {
			isa = PBXGroup;
			children = (
				7B1298D0208B9A610049BA7E /* MessageCell.xib */,
				7B1298CE208B95800049BA7E /* MessageCell.swift */,
			);
			path = Message;
			sourceTree = "<group>";
		};
		7B510D8F2089FC5400B78B57 /* Topic */ = {
			isa = PBXGroup;
			children = (
				7B9115B12088A96400EA734B /* TopicDetailContentCell.xib */,
				7B9115AF2088A8CA00EA734B /* TopicDetailContentCell.swift */,
				7B9115AD20887E0E00EA734B /* TopicDetailCommentCell.xib */,
				7B9115AB20887DA600EA734B /* TopicDetailCommentCell.swift */,
			);
			path = Topic;
			sourceTree = "<group>";
		};
		7B510D902089FC8C00B78B57 /* TopicLists */ = {
			isa = PBXGroup;
			children = (
				7B0A1F8E208624DA007743A2 /* TopicCell.xib */,
				7B0A1F902086354C007743A2 /* TopicCell.swift */,
				7BA7CC5B208EE3B6007E31C7 /* TopicSimpleCell.xib */,
				7BA7CC59208EE38B007E31C7 /* TopicSimpleCell.swift */,
			);
			path = TopicLists;
			sourceTree = "<group>";
		};
		7B59F9F32085CAB1002E363F /* Util */ = {
			isa = PBXGroup;
			children = (
				7B59F9F42085CADD002E363F /* APIRequest.swift */,
				7B91159F208828E300EA734B /* Toaster.swift */,
				7B9115A120882C3600EA734B /* String+timeAgo.swift */,
				7B29FE9320898BCE00A93D9B /* Util.swift */,
			);
			path = Util;
			sourceTree = "<group>";
		};
		7B6E133B2089D91600EBFDEF /* Model */ = {
			isa = PBXGroup;
			children = (
				7B510D582089D99C00B78B57 /* Author.swift */,
				7B510D562089D99C00B78B57 /* Comment.swift */,
				7B510D572089D99C00B78B57 /* Message.swift */,
				7B510D5A2089D99C00B78B57 /* Tab.swift */,
				7B510D592089D99C00B78B57 /* Topic.swift */,
			);
			path = Model;
			sourceTree = "<group>";
		};
		7BEAA63A2099D72E00DF8B0E /* Header */ = {
			isa = PBXGroup;
			children = (
				7BEAA63B2099D72E00DF8B0E /* MJRefresh.h */,
			);
			path = Header;
			sourceTree = "<group>";
		};
		7BEAA63C2099D74300DF8B0E /* Controller */ = {
			isa = PBXGroup;
			children = (
				7BEAA63D2099D74300DF8B0E /* Comment */,
				7BEAA63F2099D74300DF8B0E /* User */,
				7BEAA6452099D74300DF8B0E /* Topic */,
				7BEAA6492099D74300DF8B0E /* Setting */,
				7BEAA64B2099D74300DF8B0E /* MenuViewController.swift */,
				7BEAA6572099D7AF00DF8B0E /* LoginViewController.swift */,
			);
			path = Controller;
			sourceTree = "<group>";
		};
		7BEAA63D2099D74300DF8B0E /* Comment */ = {
			isa = PBXGroup;
			children = (
				7BEAA63E2099D74300DF8B0E /* CommentCreateViewController.swift */,
			);
			path = Comment;
			sourceTree = "<group>";
		};
		7BEAA63F2099D74300DF8B0E /* User */ = {
			isa = PBXGroup;
			children = (
				7BEAA6402099D74300DF8B0E /* UserCollectionViewController.swift */,
				7BEAA6412099D74300DF8B0E /* UserRepliedTopicsViewController.swift */,
				7BEAA6422099D74300DF8B0E /* UserMessageViewController.swift */,
				7BEAA6432099D74300DF8B0E /* UserViewController.swift */,
				7BEAA6442099D74300DF8B0E /* UserCreatedTopicsViewController.swift */,
			);
			path = User;
			sourceTree = "<group>";
		};
		7BEAA6452099D74300DF8B0E /* Topic */ = {
			isa = PBXGroup;
			children = (
				7BEAA6462099D74300DF8B0E /* TopicViewController.swift */,
				7BEAA6472099D74300DF8B0E /* TopicListsViewController.swift */,
				7BEAA6482099D74300DF8B0E /* TopicCreateViewController.swift */,
			);
			path = Topic;
			sourceTree = "<group>";
		};
		7BEAA6492099D74300DF8B0E /* Setting */ = {
			isa = PBXGroup;
			children = (
				7BEAA64A2099D74300DF8B0E /* SettingViewController.swift */,
			);
			path = Setting;
			sourceTree = "<group>";
		};
		AFBDF5400389967EA012961B /* Pods */ = {
			isa = PBXGroup;
			children = (
				A51C8F27409FF97D79DE16C7 /* Pods-cnode.debug.xcconfig */,
				F1B9BCB33F00B3FD5D85CC96 /* Pods-cnode.release.xcconfig */,
			);
			name = Pods;
			sourceTree = "<group>";
		};
/* End PBXGroup section */

/* Begin PBXNativeTarget section */
		7B07321A2085C64900E12987 /* cnode */ = {
			isa = PBXNativeTarget;
			buildConfigurationList = 7B07322D2085C64A00E12987 /* Build configuration list for PBXNativeTarget "cnode" */;
			buildPhases = (
				EBB14E7EB73FC4F0967C3A9F /* [CP] Check Pods Manifest.lock */,
				7B0732172085C64900E12987 /* Sources */,
				7B0732182085C64900E12987 /* Frameworks */,
				7B0732192085C64900E12987 /* Resources */,
				1BB1B2732FE6C56FD1AB7C21 /* [CP] Embed Pods Frameworks */,
			);
			buildRules = (
			);
			dependencies = (
			);
			name = cnode;
			productName = cnode;
			productReference = 7B07321B2085C64900E12987 /* cnode.app */;
			productType = "com.apple.product-type.application";
		};
/* End PBXNativeTarget section */

/* Begin PBXProject section */
		7B0732132085C64900E12987 /* Project object */ = {
			isa = PBXProject;
			attributes = {
				LastSwiftUpdateCheck = 0930;
				LastUpgradeCheck = 0930;
				ORGANIZATIONNAME = nswbmw;
				TargetAttributes = {
					7B07321A2085C64900E12987 = {
						CreatedOnToolsVersion = 9.3;
					};
				};
			};
			buildConfigurationList = 7B0732162085C64900E12987 /* Build configuration list for PBXProject "cnode" */;
			compatibilityVersion = "Xcode 9.3";
			developmentRegion = en;
			hasScannedForEncodings = 0;
			knownRegions = (
				en,
				Base,
			);
			mainGroup = 7B0732122085C64900E12987;
			productRefGroup = 7B07321C2085C64900E12987 /* Products */;
			projectDirPath = "";
			projectRoot = "";
			targets = (
				7B07321A2085C64900E12987 /* cnode */,
			);
		};
/* End PBXProject section */

/* Begin PBXResourcesBuildPhase section */
		7B0732192085C64900E12987 /* Resources */ = {
			isa = PBXResourcesBuildPhase;
			buildActionMask = 2147483647;
			files = (
				7B0732292085C64A00E12987 /* LaunchScreen.storyboard in Resources */,
				7B9115B22088A96400EA734B /* TopicDetailContentCell.xib in Resources */,
				7B0A1F8F208624DA007743A2 /* TopicCell.xib in Resources */,
				7BA7CC5C208EE3B6007E31C7 /* TopicSimpleCell.xib in Resources */,
				7B0732262085C64A00E12987 /* Assets.xcassets in Resources */,
				7B1298D1208B9A610049BA7E /* MessageCell.xib in Resources */,
				7B9115AE20887E0E00EA734B /* TopicDetailCommentCell.xib in Resources */,
				7B0732242085C64900E12987 /* Main.storyboard in Resources */,
			);
			runOnlyForDeploymentPostprocessing = 0;
		};
/* End PBXResourcesBuildPhase section */

/* Begin PBXShellScriptBuildPhase section */
		1BB1B2732FE6C56FD1AB7C21 /* [CP] Embed Pods Frameworks */ = {
			isa = PBXShellScriptBuildPhase;
			buildActionMask = 2147483647;
			files = (
			);
			inputPaths = (
				"${SRCROOT}/Pods/Target Support Files/Pods-cnode/Pods-cnode-frameworks.sh",
				"${BUILT_PRODUCTS_DIR}/Alamofire/Alamofire.framework",
				"${BUILT_PRODUCTS_DIR}/AlamofireObjectMapper/AlamofireObjectMapper.framework",
				"${BUILT_PRODUCTS_DIR}/Eureka/Eureka.framework",
				"${BUILT_PRODUCTS_DIR}/Ji/Ji.framework",
				"${BUILT_PRODUCTS_DIR}/Kingfisher/Kingfisher.framework",
				"${BUILT_PRODUCTS_DIR}/MJRefresh/MJRefresh.framework",
				"${BUILT_PRODUCTS_DIR}/MarkdownView/MarkdownView.framework",
				"${BUILT_PRODUCTS_DIR}/ObjectMapper/ObjectMapper.framework",
				"${BUILT_PRODUCTS_DIR}/PPBadgeViewSwift/PPBadgeViewSwift.framework",
				"${BUILT_PRODUCTS_DIR}/SVProgressHUD/SVProgressHUD.framework",
				"${BUILT_PRODUCTS_DIR}/SideMenu/SideMenu.framework",
				"${BUILT_PRODUCTS_DIR}/SwiftDate/SwiftDate.framework",
				"${BUILT_PRODUCTS_DIR}/SwiftQRScanner/SwiftQRScanner.framework",
				"${BUILT_PRODUCTS_DIR}/SwiftyJSON/SwiftyJSON.framework",
				"${BUILT_PRODUCTS_DIR}/SwiftyMarkdown/SwiftyMarkdown.framework",
				"${BUILT_PRODUCTS_DIR}/Toaster/Toaster.framework",
			);
			name = "[CP] Embed Pods Frameworks";
			outputPaths = (
				"${TARGET_BUILD_DIR}/${FRAMEWORKS_FOLDER_PATH}/Alamofire.framework",
				"${TARGET_BUILD_DIR}/${FRAMEWORKS_FOLDER_PATH}/AlamofireObjectMapper.framework",
				"${TARGET_BUILD_DIR}/${FRAMEWORKS_FOLDER_PATH}/Eureka.framework",
				"${TARGET_BUILD_DIR}/${FRAMEWORKS_FOLDER_PATH}/Ji.framework",
				"${TARGET_BUILD_DIR}/${FRAMEWORKS_FOLDER_PATH}/Kingfisher.framework",
				"${TARGET_BUILD_DIR}/${FRAMEWORKS_FOLDER_PATH}/MJRefresh.framework",
				"${TARGET_BUILD_DIR}/${FRAMEWORKS_FOLDER_PATH}/MarkdownView.framework",
				"${TARGET_BUILD_DIR}/${FRAMEWORKS_FOLDER_PATH}/ObjectMapper.framework",
				"${TARGET_BUILD_DIR}/${FRAMEWORKS_FOLDER_PATH}/PPBadgeViewSwift.framework",
				"${TARGET_BUILD_DIR}/${FRAMEWORKS_FOLDER_PATH}/SVProgressHUD.framework",
				"${TARGET_BUILD_DIR}/${FRAMEWORKS_FOLDER_PATH}/SideMenu.framework",
				"${TARGET_BUILD_DIR}/${FRAMEWORKS_FOLDER_PATH}/SwiftDate.framework",
				"${TARGET_BUILD_DIR}/${FRAMEWORKS_FOLDER_PATH}/SwiftQRScanner.framework",
				"${TARGET_BUILD_DIR}/${FRAMEWORKS_FOLDER_PATH}/SwiftyJSON.framework",
				"${TARGET_BUILD_DIR}/${FRAMEWORKS_FOLDER_PATH}/SwiftyMarkdown.framework",
				"${TARGET_BUILD_DIR}/${FRAMEWORKS_FOLDER_PATH}/Toaster.framework",
			);
			runOnlyForDeploymentPostprocessing = 0;
			shellPath = /bin/sh;
			shellScript = "\"${SRCROOT}/Pods/Target Support Files/Pods-cnode/Pods-cnode-frameworks.sh\"\n";
			showEnvVarsInLog = 0;
		};
		EBB14E7EB73FC4F0967C3A9F /* [CP] Check Pods Manifest.lock */ = {
			isa = PBXShellScriptBuildPhase;
			buildActionMask = 2147483647;
			files = (
			);
			inputPaths = (
				"${PODS_PODFILE_DIR_PATH}/Podfile.lock",
				"${PODS_ROOT}/Manifest.lock",
			);
			name = "[CP] Check Pods Manifest.lock";
			outputPaths = (
				"$(DERIVED_FILE_DIR)/Pods-cnode-checkManifestLockResult.txt",
			);
			runOnlyForDeploymentPostprocessing = 0;
			shellPath = /bin/sh;
			shellScript = "diff \"${PODS_PODFILE_DIR_PATH}/Podfile.lock\" \"${PODS_ROOT}/Manifest.lock\" > /dev/null\nif [ $? != 0 ] ; then\n    # print error to STDERR\n    echo \"error: The sandbox is not in sync with the Podfile.lock. Run 'pod install' or update your CocoaPods installation.\" >&2\n    exit 1\nfi\n# This output is used by Xcode 'outputs' to avoid re-running this script phase.\necho \"SUCCESS\" > \"${SCRIPT_OUTPUT_FILE_0}\"\n";
			showEnvVarsInLog = 0;
		};
/* End PBXShellScriptBuildPhase section */

/* Begin PBXSourcesBuildPhase section */
		7B0732172085C64900E12987 /* Sources */ = {
			isa = PBXSourcesBuildPhase;
			buildActionMask = 2147483647;
			files = (
				7BEAA6582099D7AF00DF8B0E /* LoginViewController.swift in Sources */,
				7B0A1F912086354C007743A2 /* TopicCell.swift in Sources */,
				7BEAA6512099D74300DF8B0E /* UserCreatedTopicsViewController.swift in Sources */,
				7BEAA6502099D74300DF8B0E /* UserViewController.swift in Sources */,
				7BEAA64E2099D74300DF8B0E /* UserRepliedTopicsViewController.swift in Sources */,
				7BEAA6542099D74300DF8B0E /* TopicCreateViewController.swift in Sources */,
				7B510D5B2089D99C00B78B57 /* Comment.swift in Sources */,
				7B9115B02088A8CA00EA734B /* TopicDetailContentCell.swift in Sources */,
				7BEAA6562099D74300DF8B0E /* MenuViewController.swift in Sources */,
				7B1298CF208B95800049BA7E /* MessageCell.swift in Sources */,
				7B29FE9420898BCE00A93D9B /* Util.swift in Sources */,
				7B9115A0208828E300EA734B /* Toaster.swift in Sources */,
				7BEAA6552099D74300DF8B0E /* SettingViewController.swift in Sources */,
				7BEAA64D2099D74300DF8B0E /* UserCollectionViewController.swift in Sources */,
				7BEAA6522099D74300DF8B0E /* TopicViewController.swift in Sources */,
				7BEAA64C2099D74300DF8B0E /* CommentCreateViewController.swift in Sources */,
				7B510D5D2089D99C00B78B57 /* Author.swift in Sources */,
				7BEAA64F2099D74300DF8B0E /* UserMessageViewController.swift in Sources */,
				7BA7CC5A208EE38B007E31C7 /* TopicSimpleCell.swift in Sources */,
				7B9115A220882C3600EA734B /* String+timeAgo.swift in Sources */,
				7B59F9F52085CADD002E363F /* APIRequest.swift in Sources */,
				7B510D5C2089D99C00B78B57 /* Message.swift in Sources */,
				7B07321F2085C64900E12987 /* AppDelegate.swift in Sources */,
				7B510D5F2089D99C00B78B57 /* Tab.swift in Sources */,
				7BEAA6532099D74300DF8B0E /* TopicListsViewController.swift in Sources */,
				7B9115AC20887DA600EA734B /* TopicDetailCommentCell.swift in Sources */,
				7B510D5E2089D99C00B78B57 /* Topic.swift in Sources */,
			);
			runOnlyForDeploymentPostprocessing = 0;
		};
/* End PBXSourcesBuildPhase section */

/* Begin PBXVariantGroup section */
		7B0732222085C64900E12987 /* Main.storyboard */ = {
			isa = PBXVariantGroup;
			children = (
				7B0732232085C64900E12987 /* Base */,
			);
			name = Main.storyboard;
			sourceTree = "<group>";
		};
		7B0732272085C64A00E12987 /* LaunchScreen.storyboard */ = {
			isa = PBXVariantGroup;
			children = (
				7B0732282085C64A00E12987 /* Base */,
			);
			name = LaunchScreen.storyboard;
			sourceTree = "<group>";
		};
/* End PBXVariantGroup section */

/* Begin XCBuildConfiguration section */
		7B07322B2085C64A00E12987 /* Debug */ = {
			isa = XCBuildConfiguration;
			buildSettings = {
				ALWAYS_SEARCH_USER_PATHS = NO;
				CLANG_ANALYZER_NONNULL = YES;
				CLANG_ANALYZER_NUMBER_OBJECT_CONVERSION = YES_AGGRESSIVE;
				CLANG_CXX_LANGUAGE_STANDARD = "gnu++14";
				CLANG_CXX_LIBRARY = "libc++";
				CLANG_ENABLE_MODULES = YES;
				CLANG_ENABLE_OBJC_ARC = YES;
				CLANG_ENABLE_OBJC_WEAK = YES;
				CLANG_WARN_BLOCK_CAPTURE_AUTORELEASING = YES;
				CLANG_WARN_BOOL_CONVERSION = YES;
				CLANG_WARN_COMMA = YES;
				CLANG_WARN_CONSTANT_CONVERSION = YES;
				CLANG_WARN_DEPRECATED_OBJC_IMPLEMENTATIONS = YES;
				CLANG_WARN_DIRECT_OBJC_ISA_USAGE = YES_ERROR;
				CLANG_WARN_DOCUMENTATION_COMMENTS = YES;
				CLANG_WARN_EMPTY_BODY = YES;
				CLANG_WARN_ENUM_CONVERSION = YES;
				CLANG_WARN_INFINITE_RECURSION = YES;
				CLANG_WARN_INT_CONVERSION = YES;
				CLANG_WARN_NON_LITERAL_NULL_CONVERSION = YES;
				CLANG_WARN_OBJC_IMPLICIT_RETAIN_SELF = YES;
				CLANG_WARN_OBJC_LITERAL_CONVERSION = YES;
				CLANG_WARN_OBJC_ROOT_CLASS = YES_ERROR;
				CLANG_WARN_RANGE_LOOP_ANALYSIS = YES;
				CLANG_WARN_STRICT_PROTOTYPES = YES;
				CLANG_WARN_SUSPICIOUS_MOVE = YES;
				CLANG_WARN_UNGUARDED_AVAILABILITY = YES_AGGRESSIVE;
				CLANG_WARN_UNREACHABLE_CODE = YES;
				CLANG_WARN__DUPLICATE_METHOD_MATCH = YES;
				CODE_SIGN_IDENTITY = "iPhone Developer";
				COPY_PHASE_STRIP = NO;
				DEBUG_INFORMATION_FORMAT = dwarf;
				ENABLE_STRICT_OBJC_MSGSEND = YES;
				ENABLE_TESTABILITY = YES;
				GCC_C_LANGUAGE_STANDARD = gnu11;
				GCC_DYNAMIC_NO_PIC = NO;
				GCC_NO_COMMON_BLOCKS = YES;
				GCC_OPTIMIZATION_LEVEL = 0;
				GCC_PREPROCESSOR_DEFINITIONS = (
					"DEBUG=1",
					"$(inherited)",
				);
				GCC_WARN_64_TO_32_BIT_CONVERSION = YES;
				GCC_WARN_ABOUT_RETURN_TYPE = YES_ERROR;
				GCC_WARN_UNDECLARED_SELECTOR = YES;
				GCC_WARN_UNINITIALIZED_AUTOS = YES_AGGRESSIVE;
				GCC_WARN_UNUSED_FUNCTION = YES;
				GCC_WARN_UNUSED_VARIABLE = YES;
				IPHONEOS_DEPLOYMENT_TARGET = 11.3;
				MTL_ENABLE_DEBUG_INFO = YES;
				ONLY_ACTIVE_ARCH = YES;
				SDKROOT = iphoneos;
				SWIFT_ACTIVE_COMPILATION_CONDITIONS = DEBUG;
				SWIFT_OPTIMIZATION_LEVEL = "-Onone";
			};
			name = Debug;
		};
		7B07322C2085C64A00E12987 /* Release */ = {
			isa = XCBuildConfiguration;
			buildSettings = {
				ALWAYS_SEARCH_USER_PATHS = NO;
				CLANG_ANALYZER_NONNULL = YES;
				CLANG_ANALYZER_NUMBER_OBJECT_CONVERSION = YES_AGGRESSIVE;
				CLANG_CXX_LANGUAGE_STANDARD = "gnu++14";
				CLANG_CXX_LIBRARY = "libc++";
				CLANG_ENABLE_MODULES = YES;
				CLANG_ENABLE_OBJC_ARC = YES;
				CLANG_ENABLE_OBJC_WEAK = YES;
				CLANG_WARN_BLOCK_CAPTURE_AUTORELEASING = YES;
				CLANG_WARN_BOOL_CONVERSION = YES;
				CLANG_WARN_COMMA = YES;
				CLANG_WARN_CONSTANT_CONVERSION = YES;
				CLANG_WARN_DEPRECATED_OBJC_IMPLEMENTATIONS = YES;
				CLANG_WARN_DIRECT_OBJC_ISA_USAGE = YES_ERROR;
				CLANG_WARN_DOCUMENTATION_COMMENTS = YES;
				CLANG_WARN_EMPTY_BODY = YES;
				CLANG_WARN_ENUM_CONVERSION = YES;
				CLANG_WARN_INFINITE_RECURSION = YES;
				CLANG_WARN_INT_CONVERSION = YES;
				CLANG_WARN_NON_LITERAL_NULL_CONVERSION = YES;
				CLANG_WARN_OBJC_IMPLICIT_RETAIN_SELF = YES;
				CLANG_WARN_OBJC_LITERAL_CONVERSION = YES;
				CLANG_WARN_OBJC_ROOT_CLASS = YES_ERROR;
				CLANG_WARN_RANGE_LOOP_ANALYSIS = YES;
				CLANG_WARN_STRICT_PROTOTYPES = YES;
				CLANG_WARN_SUSPICIOUS_MOVE = YES;
				CLANG_WARN_UNGUARDED_AVAILABILITY = YES_AGGRESSIVE;
				CLANG_WARN_UNREACHABLE_CODE = YES;
				CLANG_WARN__DUPLICATE_METHOD_MATCH = YES;
				CODE_SIGN_IDENTITY = "iPhone Developer";
				COPY_PHASE_STRIP = NO;
				DEBUG_INFORMATION_FORMAT = "dwarf-with-dsym";
				ENABLE_NS_ASSERTIONS = NO;
				ENABLE_STRICT_OBJC_MSGSEND = YES;
				GCC_C_LANGUAGE_STANDARD = gnu11;
				GCC_NO_COMMON_BLOCKS = YES;
				GCC_WARN_64_TO_32_BIT_CONVERSION = YES;
				GCC_WARN_ABOUT_RETURN_TYPE = YES_ERROR;
				GCC_WARN_UNDECLARED_SELECTOR = YES;
				GCC_WARN_UNINITIALIZED_AUTOS = YES_AGGRESSIVE;
				GCC_WARN_UNUSED_FUNCTION = YES;
				GCC_WARN_UNUSED_VARIABLE = YES;
				IPHONEOS_DEPLOYMENT_TARGET = 11.3;
				MTL_ENABLE_DEBUG_INFO = NO;
				SDKROOT = iphoneos;
				SWIFT_COMPILATION_MODE = wholemodule;
				SWIFT_OPTIMIZATION_LEVEL = "-O";
				VALIDATE_PRODUCT = YES;
			};
			name = Release;
		};
		7B07322E2085C64A00E12987 /* Debug */ = {
			isa = XCBuildConfiguration;
			baseConfigurationReference = A51C8F27409FF97D79DE16C7 /* Pods-cnode.debug.xcconfig */;
			buildSettings = {
				ASSETCATALOG_COMPILER_APPICON_NAME = AppIcon;
				CODE_SIGN_STYLE = Automatic;
				DEVELOPMENT_TEAM = 87VK78GA5P;
				INFOPLIST_FILE = cnode/Info.plist;
				IPHONEOS_DEPLOYMENT_TARGET = 10.0;
				LD_RUNPATH_SEARCH_PATHS = (
					"$(inherited)",
					"@executable_path/Frameworks",
				);
				PRODUCT_BUNDLE_IDENTIFIER = com.nswbmw.cnode;
				PRODUCT_NAME = "$(TARGET_NAME)";
				SWIFT_VERSION = 4.0;
				TARGETED_DEVICE_FAMILY = "1,2";
			};
			name = Debug;
		};
		7B07322F2085C64A00E12987 /* Release */ = {
			isa = XCBuildConfiguration;
			baseConfigurationReference = F1B9BCB33F00B3FD5D85CC96 /* Pods-cnode.release.xcconfig */;
			buildSettings = {
				ASSETCATALOG_COMPILER_APPICON_NAME = AppIcon;
				CODE_SIGN_STYLE = Automatic;
				DEVELOPMENT_TEAM = 87VK78GA5P;
				INFOPLIST_FILE = cnode/Info.plist;
				IPHONEOS_DEPLOYMENT_TARGET = 10.0;
				LD_RUNPATH_SEARCH_PATHS = (
					"$(inherited)",
					"@executable_path/Frameworks",
				);
				PRODUCT_BUNDLE_IDENTIFIER = com.nswbmw.cnode;
				PRODUCT_NAME = "$(TARGET_NAME)";
				SWIFT_VERSION = 4.0;
				TARGETED_DEVICE_FAMILY = "1,2";
			};
			name = Release;
		};
/* End XCBuildConfiguration section */

/* Begin XCConfigurationList section */
		7B0732162085C64900E12987 /* Build configuration list for PBXProject "cnode" */ = {
			isa = XCConfigurationList;
			buildConfigurations = (
				7B07322B2085C64A00E12987 /* Debug */,
				7B07322C2085C64A00E12987 /* Release */,
			);
			defaultConfigurationIsVisible = 0;
			defaultConfigurationName = Release;
		};
		7B07322D2085C64A00E12987 /* Build configuration list for PBXNativeTarget "cnode" */ = {
			isa = XCConfigurationList;
			buildConfigurations = (
				7B07322E2085C64A00E12987 /* Debug */,
				7B07322F2085C64A00E12987 /* Release */,
			);
			defaultConfigurationIsVisible = 0;
			defaultConfigurationName = Release;
		};
/* End XCConfigurationList section */
	};
	rootObject = 7B0732132085C64900E12987 /* Project object */;
}
